{
  "originHash" : "bfa79669754b61fbfed97b836345b3d729cadae8548c9d52dc267eaab8dba96c",
  "pins" : [
    {
      "identity" : "onnxruntime-libs",
      "kind" : "remoteSourceControl",
      "location" : "https://github.com/csukuangfj/onnxruntime-libs",
      "state" : {
        "revision" : "5cc3d2e84d9eade2562cf29a93fa3a520a75ca57",
        "version" : "1.28.1"
      }
    },
    {
      "identity" : "sherpa-onnx",
      "kind" : "remoteSourceControl",
      "location" : "https://github.com/k2-fsa/sherpa-onnx.git",
      "state" : {
        "revision" : "917bed95c8e5c7c18aa4d69fea42e9ef8ef0a60e",
        "version" : "1.13.7"
      }
    }
  ],
  "version" : 3
}
